
Microsoft Visual Studio Solution File, Format Version 12.00
# Visual Studio Version 16
VisualStudioVersion = 16.0.30225.117
MinimumVisualStudioVersion = 10.0.40219.1
Project("{FAE04EC0-301F-11D3-BF4B-00C04F79EFBC}") = "GameShowAdmin", "GameShowAdmin\GameShowAdmin.csproj", "{D13BC41D-891A-4EF8-A598-A229DF67E35B}"
EndProject
Project("{FAE04EC0-301F-11D3-BF4B-00C04F79EFBC}") = "ClientSide", "ClientSide\ClientSide.csproj", "{12004D2C-2D9B-4B17-9F1C-1F95A2A76773}"
EndProject
Project("{FAE04EC0-301F-11D3-BF4B-00C04F79EFBC}") = "DTO", "DTO\DTO.csproj", "{37C91497-5386-48FB-A12B-34AF3318A343}"
EndProject
Global
	GlobalSection(SolutionConfigurationPlatforms) = preSolution
		Debug|Any CPU = Debug|Any CPU
		Release|Any CPU = Release|Any CPU
	EndGlobalSection
	GlobalSection(ProjectConfigurationPlatforms) = postSolution
		{D13BC41D-891A-4EF8-A598-A229DF67E35B}.Debug|Any CPU.ActiveCfg = Debug|Any CPU
		{D13BC41D-891A-4EF8-A598-A229DF67E35B}.Debug|Any CPU.Build.0 = Debug|Any CPU
		{D13BC41D-891A-4EF8-A598-A229DF67E35B}.Release|Any CPU.ActiveCfg = Release|Any CPU
		{D13BC41D-891A-4EF8-A598-A229DF67E35B}.Release|Any CPU.Build.0 = Release|Any CPU
		{12004D2C-2D9B-4B17-9F1C-1F95A2A76773}.Debug|Any CPU.ActiveCfg = Debug|Any CPU
		{12004D2C-2D9B-4B17-9F1C-1F95A2A76773}.Debug|Any CPU.Build.0 = Debug|Any CPU
		{12004D2C-2D9B-4B17-9F1C-1F95A2A76773}.Release|Any CPU.ActiveCfg = Release|Any CPU
		{12004D2C-2D9B-4B17-9F1C-1F95A2A76773}.Release|Any CPU.Build.0 = Release|Any CPU
		{37C91497-5386-48FB-A12B-34AF3318A343}.Debug|Any CPU.ActiveCfg = Debug|Any CPU
		{37C91497-5386-48FB-A12B-34AF3318A343}.Debug|Any CPU.Build.0 = Debug|Any CPU
		{37C91497-5386-48FB-A12B-34AF3318A343}.Release|Any CPU.ActiveCfg = Release|Any CPU
		{37C91497-5386-48FB-A12B-34AF3318A343}.Release|Any CPU.Build.0 = Release|Any CPU
	EndGlobalSection
	GlobalSection(SolutionProperties) = preSolution
		HideSolutionNode = FALSE
	EndGlobalSection
	GlobalSection(ExtensibilityGlobals) = postSolution
		SolutionGuid = {7FA624A0-7848-47EE-BD43-FD18C8A5D650}
	EndGlobalSection
EndGlobal
